<?xml version="1.0" encoding="utf-8"?>
<Project ToolsVersion="4.0" xmlns="http://schemas.microsoft.com/developer/msbuild/2003">
  <ItemGroup>
    <ClCompile Include="main.cpp" />
    <ClCompile Include="confighelper.cpp">
      <Filter>Source Files</Filter>
    </ClCompile>
    <ClCompile Include="connection.cpp">
      <Filter>Source Files</Filter>
    </ClCompile>
    <ClCompile Include="connectionitem.cpp">
      <Filter>Source Files</Filter>
    </ClCompile>
    <ClCompile Include="connectiontablemodel.cpp">
      <Filter>Source Files</Filter>
    </ClCompile>
    <ClCompile Include="editdialog.cpp">
      <Filter>Source Files</Filter>
    </ClCompile>
    <ClCompile Include="ip4validator.cpp">
      <Filter>Source Files</Filter>
    </ClCompile>
    <ClCompile Include="mainwindow.cpp">
      <Filter>Source Files</Filter>
    </ClCompile>
    <ClCompile Include="portvalidator.cpp">
      <Filter>Source Files</Filter>
    </ClCompile>
    <ClCompile Include="qrcodecapturer.cpp">
      <Filter>Source Files</Filter>
    </ClCompile>
    <ClCompile Include="qrwidget.cpp">
      <Filter>Source Files</Filter>
    </ClCompile>
    <ClCompile Include="settingsdialog.cpp">
      <Filter>Source Files</Filter>
    </ClCompile>
    <ClCompile Include="sharedialog.cpp">
      <Filter>Source Files</Filter>
    </ClCompile>
    <ClCompile Include="sqprofile.cpp">
      <Filter>Source Files</Filter>
    </ClCompile>
    <ClCompile Include="ssvalidator.cpp">
      <Filter>Source Files</Filter>
    </ClCompile>
    <ClCompile Include="statusnotifier.cpp">
      <Filter>Source Files</Filter>
    </ClCompile>
    <ClCompile Include="urihelper.cpp">
      <Filter>Source Files</Filter>
    </ClCompile>
    <ClCompile Include="uriinputdialog.cpp">
      <Filter>Source Files</Filter>
    </ClCompile>
  </ItemGroup>
  <ItemGroup>
    <Filter Include="Resource Files">
      <UniqueIdentifier>{D9D6E242-F8AF-46E4-B9FD-80ECBC20BA3E}</UniqueIdentifier>
      <Extensions>qrc;*</Extensions>
      <ParseFiles>false</ParseFiles>
    </Filter>
    <Filter Include="Source Files">
      <UniqueIdentifier>{4FC737F1-C7A5-4376-A066-2A32D752A2FF}</UniqueIdentifier>
      <Extensions>cpp;c;cc;cxx;def;odl;idl;hpj;bat;asm;asmx</Extensions>
      <ParseFiles>true</ParseFiles>
    </Filter>
    <Filter Include="Header Files">
      <UniqueIdentifier>{93995380-89BD-4b04-88EB-625FBE52EBFB}</UniqueIdentifier>
      <Extensions>h;hh;hpp;hxx;hm;inl;inc;xsd</Extensions>
      <ParseFiles>true</ParseFiles>
    </Filter>
    <Filter Include="Form Files">
      <UniqueIdentifier>{99349809-55BA-4b9d-BF79-8FDBB0286EB3}</UniqueIdentifier>
      <Extensions>ui</Extensions>
      <ParseFiles>true</ParseFiles>
    </Filter>
  </ItemGroup>
  <ItemGroup>
    <QtUic Include="editdialog.ui">
      <Filter>Form Files</Filter>
    </QtUic>
    <QtUic Include="mainwindow.ui">
      <Filter>Form Files</Filter>
    </QtUic>
    <QtUic Include="settingsdialog.ui">
      <Filter>Form Files</Filter>
    </QtUic>
    <QtUic Include="sharedialog.ui">
      <Filter>Form Files</Filter>
    </QtUic>
    <QtUic Include="uriinputdialog.ui">
      <Filter>Form Files</Filter>
    </QtUic>
  </ItemGroup>
  <ItemGroup>
    <QtMoc Include="confighelper.h">
      <Filter>Header Files</Filter>
    </QtMoc>
    <QtMoc Include="connection.h">
      <Filter>Header Files</Filter>
    </QtMoc>
    <QtMoc Include="connectionitem.h">
      <Filter>Header Files</Filter>
    </QtMoc>
    <QtMoc Include="connectiontablemodel.h">
      <Filter>Header Files</Filter>
    </QtMoc>
    <QtMoc Include="editdialog.h">
      <Filter>Header Files</Filter>
    </QtMoc>
    <QtMoc Include="mainwindow.h">
      <Filter>Header Files</Filter>
    </QtMoc>
    <QtMoc Include="qrcodecapturer.h">
      <Filter>Header Files</Filter>
    </QtMoc>
    <QtMoc Include="qrwidget.h">
      <Filter>Header Files</Filter>
    </QtMoc>
    <QtMoc Include="settingsdialog.h">
      <Filter>Header Files</Filter>
    </QtMoc>
    <QtMoc Include="sharedialog.h">
      <Filter>Header Files</Filter>
    </QtMoc>
    <QtMoc Include="statusnotifier.h">
      <Filter>Header Files</Filter>
    </QtMoc>
    <QtMoc Include="uriinputdialog.h">
      <Filter>Header Files</Filter>
    </QtMoc>
  </ItemGroup>
  <ItemGroup>
    <ClInclude Include="ip4validator.h">
      <Filter>Header Files</Filter>
    </ClInclude>
    <ClInclude Include="portvalidator.h">
      <Filter>Header Files</Filter>
    </ClInclude>
    <ClInclude Include="sqprofile.h">
      <Filter>Header Files</Filter>
    </ClInclude>
    <ClInclude Include="ssvalidator.h">
      <Filter>Header Files</Filter>
    </ClInclude>
    <ClInclude Include="urihelper.h">
      <Filter>Header Files</Filter>
    </ClInclude>
  </ItemGroup>
  <ItemGroup>
    <ResourceCompile Include="ss-qt5.rc">
      <Filter>Resource Files</Filter>
    </ResourceCompile>
  </ItemGroup>
  <ItemGroup>
    <QtRcc Include="icons.qrc">
      <Filter>Resource Files</Filter>
    </QtRcc>
    <QtRcc Include="translations.qrc">
      <Filter>Resource Files</Filter>
    </QtRcc>
  </ItemGroup>
</Project>