<?xml version="1.0" encoding="utf-8"?>
<Project ToolsVersion="4.0" xmlns="http://schemas.microsoft.com/developer/msbuild/2003">
  <ItemGroup>
    <Filter Include="Source Files">
      <UniqueIdentifier>{4FC737F1-C7A5-4376-A066-2A32D752A2FF}</UniqueIdentifier>
      <Extensions>cpp;c;cc;cxx;def;odl;idl;hpj;bat;asm;asmx</Extensions>
    </Filter>
    <Filter Include="Header Files">
      <UniqueIdentifier>{93995380-89BD-4b04-88EB-625FBE52EBFB}</UniqueIdentifier>
      <Extensions>h;hh;hpp;hxx;hm;inl;inc;xsd</Extensions>
    </Filter>
    <Filter Include="Resource Files">
      <UniqueIdentifier>{D9D6E242-F8AF-46E4-B9FD-80ECBC20BA3E}</UniqueIdentifier>
      <Extensions>qrc;*</Extensions>
      <ParseFiles>false</ParseFiles>
    </Filter>
    <Filter Include="Resource Files">
      <UniqueIdentifier>{D9D6E242-F8AF-46E4-B9FD-80ECBC20BA3E}</UniqueIdentifier>
      <Extensions>qrc;*</Extensions>
      <ParseFiles>false</ParseFiles>
    </Filter>
    <Filter Include="Header Files\crypto">
      <UniqueIdentifier>{eaea0081-093b-4692-a97f-a676eb1ea43b}</UniqueIdentifier>
    </Filter>
    <Filter Include="Source Files\crypto">
      <UniqueIdentifier>{f379b1f4-9723-421f-a597-311433572684}</UniqueIdentifier>
    </Filter>
    <Filter Include="Header Files\network">
      <UniqueIdentifier>{16b8af4d-eddd-483a-b0d0-3329a5e1f3a8}</UniqueIdentifier>
    </Filter>
    <Filter Include="Source Files\network">
      <UniqueIdentifier>{4b590a5b-3e1b-46b6-86e4-4f8c8fd47c18}</UniqueIdentifier>
    </Filter>
    <Filter Include="Header Files\types">
      <UniqueIdentifier>{d9b5d845-0320-4b99-9aff-016695e97353}</UniqueIdentifier>
    </Filter>
    <Filter Include="Source Files\types">
      <UniqueIdentifier>{5fc1536b-3b6d-43d5-91d6-d6802d16ad43}</UniqueIdentifier>
    </Filter>
    <Filter Include="Header Files\util">
      <UniqueIdentifier>{290bd3a7-4fcc-4b6b-81c1-c50362c3b82e}</UniqueIdentifier>
    </Filter>
    <Filter Include="Source Files\util">
      <UniqueIdentifier>{f29337f9-bb23-41b7-8e8e-ca5cc2f22c1b}</UniqueIdentifier>
    </Filter>
  </ItemGroup>
  <ItemGroup>
    <ClCompile Include="crypto\chacha.cpp">
      <Filter>Source Files\crypto</Filter>
    </ClCompile>
    <ClCompile Include="crypto\cipher.cpp">
      <Filter>Source Files\crypto</Filter>
    </ClCompile>
    <ClCompile Include="crypto\encryptor.cpp">
      <Filter>Source Files\crypto</Filter>
    </ClCompile>
    <ClCompile Include="crypto\rc4.cpp">
      <Filter>Source Files\crypto</Filter>
    </ClCompile>
    <ClCompile Include="network\httpproxy.cpp">
      <Filter>Source Files\network</Filter>
    </ClCompile>
    <ClCompile Include="network\socketstream.cpp">
      <Filter>Source Files\network</Filter>
    </ClCompile>
    <ClCompile Include="network\tcprelay.cpp">
      <Filter>Source Files\network</Filter>
    </ClCompile>
    <ClCompile Include="network\tcprelayclient.cpp">
      <Filter>Source Files\network</Filter>
    </ClCompile>
    <ClCompile Include="network\tcprelayserver.cpp">
      <Filter>Source Files\network</Filter>
    </ClCompile>
    <ClCompile Include="network\tcpserver.cpp">
      <Filter>Source Files\network</Filter>
    </ClCompile>
    <ClCompile Include="network\udprelay.cpp">
      <Filter>Source Files\network</Filter>
    </ClCompile>
    <ClCompile Include="util\addresstester.cpp">
      <Filter>Source Files\util</Filter>
    </ClCompile>
    <ClCompile Include="util\common.cpp">
      <Filter>Source Files\util</Filter>
    </ClCompile>
    <ClCompile Include="util\controller.cpp">
      <Filter>Source Files\util</Filter>
    </ClCompile>
    <ClCompile Include="types\address.cpp">
      <Filter>Source Files\types</Filter>
    </ClCompile>
    <ClCompile Include="types\profile.cpp">
      <Filter>Source Files\types</Filter>
    </ClCompile>
  </ItemGroup>
  <ItemGroup>
    <ClInclude Include="crypto\chacha.h">
      <Filter>Header Files\crypto</Filter>
    </ClInclude>
    <ClInclude Include="crypto\cipher.h">
      <Filter>Header Files\crypto</Filter>
    </ClInclude>
    <ClInclude Include="crypto\encryptor.h">
      <Filter>Header Files\crypto</Filter>
    </ClInclude>
    <ClInclude Include="crypto\rc4.h">
      <Filter>Header Files\crypto</Filter>
    </ClInclude>
    <ClInclude Include="util\common.h">
      <Filter>Header Files\util</Filter>
    </ClInclude>
    <ClInclude Include="util\export.h">
      <Filter>Header Files\util</Filter>
    </ClInclude>
    <ClInclude Include="types\profile.h">
      <Filter>Header Files\types</Filter>
    </ClInclude>
  </ItemGroup>
  <ItemGroup>
    <QtMoc Include="network\httpproxy.h">
      <Filter>Header Files\network</Filter>
    </QtMoc>
    <QtMoc Include="network\socketstream.h">
      <Filter>Header Files\network</Filter>
    </QtMoc>
    <QtMoc Include="network\tcprelay.h">
      <Filter>Header Files\network</Filter>
    </QtMoc>
    <QtMoc Include="network\tcprelayclient.h">
      <Filter>Header Files\network</Filter>
    </QtMoc>
    <QtMoc Include="network\tcprelayserver.h">
      <Filter>Header Files\network</Filter>
    </QtMoc>
    <QtMoc Include="network\tcpserver.h">
      <Filter>Header Files\network</Filter>
    </QtMoc>
    <QtMoc Include="network\udprelay.h">
      <Filter>Header Files\network</Filter>
    </QtMoc>
    <QtMoc Include="util\addresstester.h">
      <Filter>Header Files\util</Filter>
    </QtMoc>
    <QtMoc Include="util\controller.h">
      <Filter>Header Files\util</Filter>
    </QtMoc>
    <QtMoc Include="types\address.h">
      <Filter>Header Files\types</Filter>
    </QtMoc>
  </ItemGroup>
</Project>